
Microsoft Visual Studio Solution File, Format Version 12.00
# Visual Studio 15
VisualStudioVersion = 15.0.26403.0
MinimumVisualStudioVersion = 10.0.40219.1
Project("{FAE04EC0-301F-11D3-BF4B-00C04F79EFBC}") = "EddieFxCtrl", "EddieFxCtrl\EddieFxCtrl.csproj", "{D728C77F-8780-4A79-A628-F6DD1E479D6D}"
EndProject
Project("{2150E333-8FDC-42A3-9474-1A3956D46DE8}") = "Solution Items", "Solution Items", "{05CA2E98-18F9-4DD5-8312-6C673036F5E8}"
	ProjectSection(SolutionItems) = preProject
		README.txt = README.txt
	EndProjectSection
EndProject
Project("{FAE04EC0-301F-11D3-BF4B-00C04F79EFBC}") = "EfcPlugin", "EfcPlugin\EfcPlugin.csproj", "{6E1FE4A0-B447-44A5-A6BF-BE371180BC98}"
EndProject
Project("{FAE04EC0-301F-11D3-BF4B-00C04F79EFBC}") = "EFcPlugin_MIDI", "EFcPlugin_MIDI\EFcPlugin_MIDI.csproj", "{FF8E3FFB-0CE6-4552-A5C3-2E3B05CBD560}"
EndProject
Project("{FAE04EC0-301F-11D3-BF4B-00C04F79EFBC}") = "EfcPlugin_Eurolite_UsbPro", "EfcPlugin_Eurolite_UsbPro\EfcPlugin_Eurolite_UsbPro.csproj", "{2662D36D-1F84-4CD3-B183-4709B0949BA3}"
EndProject
Global
	GlobalSection(SolutionConfigurationPlatforms) = preSolution
		Debug|Any CPU = Debug|Any CPU
		Debug|ARM = Debug|ARM
		Debug|x64 = Debug|x64
		Debug|x86 = Debug|x86
		Release|Any CPU = Release|Any CPU
		Release|ARM = Release|ARM
		Release|x64 = Release|x64
		Release|x86 = Release|x86
	EndGlobalSection
	GlobalSection(ProjectConfigurationPlatforms) = postSolution
		{D728C77F-8780-4A79-A628-F6DD1E479D6D}.Debug|Any CPU.ActiveCfg = Debug|Any CPU
		{D728C77F-8780-4A79-A628-F6DD1E479D6D}.Debug|Any CPU.Build.0 = Debug|Any CPU
		{D728C77F-8780-4A79-A628-F6DD1E479D6D}.Debug|ARM.ActiveCfg = Debug|Any CPU
		{D728C77F-8780-4A79-A628-F6DD1E479D6D}.Debug|ARM.Build.0 = Debug|Any CPU
		{D728C77F-8780-4A79-A628-F6DD1E479D6D}.Debug|x64.ActiveCfg = Debug|Any CPU
		{D728C77F-8780-4A79-A628-F6DD1E479D6D}.Debug|x64.Build.0 = Debug|Any CPU
		{D728C77F-8780-4A79-A628-F6DD1E479D6D}.Debug|x86.ActiveCfg = Debug|Any CPU
		{D728C77F-8780-4A79-A628-F6DD1E479D6D}.Debug|x86.Build.0 = Debug|Any CPU
		{D728C77F-8780-4A79-A628-F6DD1E479D6D}.Release|Any CPU.ActiveCfg = Release|Any CPU
		{D728C77F-8780-4A79-A628-F6DD1E479D6D}.Release|Any CPU.Build.0 = Release|Any CPU
		{D728C77F-8780-4A79-A628-F6DD1E479D6D}.Release|ARM.ActiveCfg = Release|Any CPU
		{D728C77F-8780-4A79-A628-F6DD1E479D6D}.Release|ARM.Build.0 = Release|Any CPU
		{D728C77F-8780-4A79-A628-F6DD1E479D6D}.Release|x64.ActiveCfg = Release|Any CPU
		{D728C77F-8780-4A79-A628-F6DD1E479D6D}.Release|x64.Build.0 = Release|Any CPU
		{D728C77F-8780-4A79-A628-F6DD1E479D6D}.Release|x86.ActiveCfg = Release|Any CPU
		{D728C77F-8780-4A79-A628-F6DD1E479D6D}.Release|x86.Build.0 = Release|Any CPU
		{6E1FE4A0-B447-44A5-A6BF-BE371180BC98}.Debug|Any CPU.ActiveCfg = Debug|Any CPU
		{6E1FE4A0-B447-44A5-A6BF-BE371180BC98}.Debug|Any CPU.Build.0 = Debug|Any CPU
		{6E1FE4A0-B447-44A5-A6BF-BE371180BC98}.Debug|ARM.ActiveCfg = Debug|Any CPU
		{6E1FE4A0-B447-44A5-A6BF-BE371180BC98}.Debug|ARM.Build.0 = Debug|Any CPU
		{6E1FE4A0-B447-44A5-A6BF-BE371180BC98}.Debug|x64.ActiveCfg = Debug|Any CPU
		{6E1FE4A0-B447-44A5-A6BF-BE371180BC98}.Debug|x64.Build.0 = Debug|Any CPU
		{6E1FE4A0-B447-44A5-A6BF-BE371180BC98}.Debug|x86.ActiveCfg = Debug|Any CPU
		{6E1FE4A0-B447-44A5-A6BF-BE371180BC98}.Debug|x86.Build.0 = Debug|Any CPU
		{6E1FE4A0-B447-44A5-A6BF-BE371180BC98}.Release|Any CPU.ActiveCfg = Release|Any CPU
		{6E1FE4A0-B447-44A5-A6BF-BE371180BC98}.Release|Any CPU.Build.0 = Release|Any CPU
		{6E1FE4A0-B447-44A5-A6BF-BE371180BC98}.Release|ARM.ActiveCfg = Release|Any CPU
		{6E1FE4A0-B447-44A5-A6BF-BE371180BC98}.Release|ARM.Build.0 = Release|Any CPU
		{6E1FE4A0-B447-44A5-A6BF-BE371180BC98}.Release|x64.ActiveCfg = Release|Any CPU
		{6E1FE4A0-B447-44A5-A6BF-BE371180BC98}.Release|x64.Build.0 = Release|Any CPU
		{6E1FE4A0-B447-44A5-A6BF-BE371180BC98}.Release|x86.ActiveCfg = Release|Any CPU
		{6E1FE4A0-B447-44A5-A6BF-BE371180BC98}.Release|x86.Build.0 = Release|Any CPU
		{FF8E3FFB-0CE6-4552-A5C3-2E3B05CBD560}.Debug|Any CPU.ActiveCfg = Debug|Any CPU
		{FF8E3FFB-0CE6-4552-A5C3-2E3B05CBD560}.Debug|Any CPU.Build.0 = Debug|Any CPU
		{FF8E3FFB-0CE6-4552-A5C3-2E3B05CBD560}.Debug|ARM.ActiveCfg = Debug|Any CPU
		{FF8E3FFB-0CE6-4552-A5C3-2E3B05CBD560}.Debug|ARM.Build.0 = Debug|Any CPU
		{FF8E3FFB-0CE6-4552-A5C3-2E3B05CBD560}.Debug|x64.ActiveCfg = Debug|Any CPU
		{FF8E3FFB-0CE6-4552-A5C3-2E3B05CBD560}.Debug|x64.Build.0 = Debug|Any CPU
		{FF8E3FFB-0CE6-4552-A5C3-2E3B05CBD560}.Debug|x86.ActiveCfg = Debug|Any CPU
		{FF8E3FFB-0CE6-4552-A5C3-2E3B05CBD560}.Debug|x86.Build.0 = Debug|Any CPU
		{FF8E3FFB-0CE6-4552-A5C3-2E3B05CBD560}.Release|Any CPU.ActiveCfg = Release|Any CPU
		{FF8E3FFB-0CE6-4552-A5C3-2E3B05CBD560}.Release|Any CPU.Build.0 = Release|Any CPU
		{FF8E3FFB-0CE6-4552-A5C3-2E3B05CBD560}.Release|ARM.ActiveCfg = Release|Any CPU
		{FF8E3FFB-0CE6-4552-A5C3-2E3B05CBD560}.Release|ARM.Build.0 = Release|Any CPU
		{FF8E3FFB-0CE6-4552-A5C3-2E3B05CBD560}.Release|x64.ActiveCfg = Release|Any CPU
		{FF8E3FFB-0CE6-4552-A5C3-2E3B05CBD560}.Release|x64.Build.0 = Release|Any CPU
		{FF8E3FFB-0CE6-4552-A5C3-2E3B05CBD560}.Release|x86.ActiveCfg = Release|Any CPU
		{FF8E3FFB-0CE6-4552-A5C3-2E3B05CBD560}.Release|x86.Build.0 = Release|Any CPU
		{2662D36D-1F84-4CD3-B183-4709B0949BA3}.Debug|Any CPU.ActiveCfg = Debug|Any CPU
		{2662D36D-1F84-4CD3-B183-4709B0949BA3}.Debug|Any CPU.Build.0 = Debug|Any CPU
		{2662D36D-1F84-4CD3-B183-4709B0949BA3}.Debug|ARM.ActiveCfg = Debug|Any CPU
		{2662D36D-1F84-4CD3-B183-4709B0949BA3}.Debug|ARM.Build.0 = Debug|Any CPU
		{2662D36D-1F84-4CD3-B183-4709B0949BA3}.Debug|x64.ActiveCfg = Debug|Any CPU
		{2662D36D-1F84-4CD3-B183-4709B0949BA3}.Debug|x64.Build.0 = Debug|Any CPU
		{2662D36D-1F84-4CD3-B183-4709B0949BA3}.Debug|x86.ActiveCfg = Debug|Any CPU
		{2662D36D-1F84-4CD3-B183-4709B0949BA3}.Debug|x86.Build.0 = Debug|Any CPU
		{2662D36D-1F84-4CD3-B183-4709B0949BA3}.Release|Any CPU.ActiveCfg = Release|Any CPU
		{2662D36D-1F84-4CD3-B183-4709B0949BA3}.Release|Any CPU.Build.0 = Release|Any CPU
		{2662D36D-1F84-4CD3-B183-4709B0949BA3}.Release|ARM.ActiveCfg = Release|Any CPU
		{2662D36D-1F84-4CD3-B183-4709B0949BA3}.Release|ARM.Build.0 = Release|Any CPU
		{2662D36D-1F84-4CD3-B183-4709B0949BA3}.Release|x64.ActiveCfg = Release|Any CPU
		{2662D36D-1F84-4CD3-B183-4709B0949BA3}.Release|x64.Build.0 = Release|Any CPU
		{2662D36D-1F84-4CD3-B183-4709B0949BA3}.Release|x86.ActiveCfg = Release|Any CPU
		{2662D36D-1F84-4CD3-B183-4709B0949BA3}.Release|x86.Build.0 = Release|Any CPU
	EndGlobalSection
	GlobalSection(SolutionProperties) = preSolution
		HideSolutionNode = FALSE
	EndGlobalSection
EndGlobal
