
Microsoft Visual Studio Solution File, Format Version 12.00
# Visual Studio 15
VisualStudioVersion = 15.0.26403.0
MinimumVisualStudioVersion = 10.0.40219.1
Project("{FAE04EC0-301F-11D3-BF4B-00C04F79EFBC}") = "EddieFxCtrl", "EddieFxCtrl\EddieFxCtrl.csproj", "{D728C77F-8780-4A79-A628-F6DD1E479D6D}"
EndProject
Project("{2150E333-8FDC-42A3-9474-1A3956D46DE8}") = "Solution Items", "Solution Items", "{05CA2E98-18F9-4DD5-8312-6C673036F5E8}"
	ProjectSection(SolutionItems) = preProject
		README.txt = README.txt
	EndProjectSection
EndProject
Global
	GlobalSection(SolutionConfigurationPlatforms) = preSolution
		Debug|Any CPU = Debug|Any CPU
		Release|Any CPU = Release|Any CPU
	EndGlobalSection
	GlobalSection(ProjectConfigurationPlatforms) = postSolution
		{D728C77F-8780-4A79-A628-F6DD1E479D6D}.Debug|Any CPU.ActiveCfg = Debug|Any CPU
		{D728C77F-8780-4A79-A628-F6DD1E479D6D}.Debug|Any CPU.Build.0 = Debug|Any CPU
		{D728C77F-8780-4A79-A628-F6DD1E479D6D}.Release|Any CPU.ActiveCfg = Release|Any CPU
		{D728C77F-8780-4A79-A628-F6DD1E479D6D}.Release|Any CPU.Build.0 = Release|Any CPU
	EndGlobalSection
	GlobalSection(SolutionProperties) = preSolution
		HideSolutionNode = FALSE
	EndGlobalSection
EndGlobal
